{
  "name": "@mintplayer/ng-share-buttons",
  "version": "1.4.0",
  "lockfileVersion": 1,
  "requires": true,
  "dependencies": {
    "@mintplayer/ng-base-url": {
      "version": "2.1.0",
      "resolved": "https://npm.pkg.github.com/download/@mintplayer/ng-base-url/2.1.0/eae54723c35270cecf5ed71465aa4de50b5e6854cc23039e4fa5667d55b14dc9",
      "integrity": "sha512-ozwp6t8x2kgZelNcExJRntV+VdrlpJfV8DldXlaKbUlm4Lt1SxcKWQr/2bHrakdm4lwjMfEDIzHxzUda3MUTJQ==",
      "requires": {
        "tslib": "^2.0.0"
      },
      "dependencies": {
        "tslib": {
          "version": "2.3.0",
          "resolved": "https://registry.npmjs.org/tslib/-/tslib-2.3.0.tgz",
          "integrity": "sha512-N82ooyxVNm6h1riLCoyS9e3fuJ3AMG2zIZs2Gd1ATcSFjSA23Q0fzjjZeh0jbJvWVDZ0cJT8yaNNaaXHzueNjg=="
        }
      }
    }
  }
}
